schema: '2.0'
stages:
  train:
    cmd: jupyter nbconvert --to notebook --execute mtbi_prediction_task.ipynb
    deps:
    - path: data_archive.zip
      md5: 18263e7c414bf5871a9e4e7afd55b485
      size: 129457693
    - path: mtbi_prediction_task.ipynb
      md5: 1e4f9d818139df8cd62acb07fdf11ee5
      size: 8019
    params:
      params.json:
        lr:
          penalty: none
    outs:
    - path: metrics.json
      md5: c6fdd61fca21a1d86aa9370e9072e75e
      size: 17
    - path: model.joblib
      md5: a81b1583a73450e55ee00746e4c6ccf7
      size: 77067
