schema: '2.0'
stages:
  train:
    cmd: jupyter nbconvert --to notebook --execute mtbi_prediction_task.ipynb
    deps:
    - path: data_archive.zip
      md5: 18263e7c414bf5871a9e4e7afd55b485
      size: 129457693
    - path: mtbi_prediction_task.ipynb
      md5: 1e4f9d818139df8cd62acb07fdf11ee5
      size: 8019
    params:
      params.json:
        lr:
          penalty: l2
    outs:
    - path: metrics.json
      md5: d8556de1ab9a67ba29638420936ab7e1
      size: 17
    - path: model.joblib
      md5: 538d7d317098beb9a9e84fa77bad8bf1
      size: 76273
