schema: '2.0'
stages:
  train:
    cmd: jupyter nbconvert --to notebook --execute mtbi_prediction_task.ipynb
    deps:
    - path: data_archive.zip
      md5: 18263e7c414bf5871a9e4e7afd55b485
      size: 129457693
    - path: mtbi_prediction_task.ipynb
      md5: 1e4f9d818139df8cd62acb07fdf11ee5
      size: 8019
    params:
      params.json:
        lr:
          penalty: l2
    outs:
    - path: metrics.json
      md5: 2f9f5db9181443d9f8f96862b3b3d408
      size: 18
    - path: model.joblib
      md5: 24b7b5a39c6106fc2e1a961b9309d1ce
      size: 76409
